{
    "_readme": [
        "This file locks the dependencies of your project to a known state",
        "Read more about it at https://getcomposer.org/doc/01-basic-usage.md#installing-dependencies",
        "This file is @generated automatically"
    ],
    "content-hash": "8c81a70f300bccf9fc35c21e08ef128b",
    "packages": [
        {
            "name": "webkernel/codebase",
            "version": "0.12.0",
            "dist": {
                "type": "path",
                "url": "x-webkernel/codebase",
                "reference": "a76423992fb931dc9bdbb6699bfec37e9e310702"
            },
            "require": {
                "php": ">=8.4"
            },
            "require-dev": {
                "phpstan/extension-installer": "^1.3|^2.0",
                "phpstan/phpstan-deprecation-rules": "^1.1|^2.0",
                "phpstan/phpstan-phpunit": "^1.3|^2.0"
            },
            "type": "library",
            "extra": {
                "webkernel": {
                    "package_repo": "git@github.com:webkernelphp/codebase.git",
                    "production": true,
                    "prefix": "codebase"
                }
            },
            "autoload": {
                "files": [
                    "src/namespacer.php"
                ],
                "classmap": [],
                "psr-4": []
            },
            "license": [
                "EPL-2.0"
            ],
            "description": "Central package for booting and managing a Webkernel platform (Laravel + Filament integration).",
            "transport-options": {
                "symlink": true,
                "relative": true
            }
        }
    ],
    "packages-dev": [],
    "aliases": [],
    "minimum-stability": "stable",
    "stability-flags": {},
    "prefer-stable": true,
    "prefer-lowest": false,
    "platform": {
        "php": ">8.4"
    },
    "platform-dev": {},
    "plugin-api-version": "2.9.0"
}
