{
    "_readme": [
        "This file locks the dependencies of your project to a known state",
        "Read more about it at https://getcomposer.org/doc/01-basic-usage.md#installing-dependencies",
        "This file is @generated automatically"
    ],
    "content-hash": "8c81a70f300bccf9fc35c21e08ef128b",
    "packages": [
        {
            "name": "composer/installers",
            "version": "v2.3.0",
            "source": {
                "type": "git",
                "url": "https://github.com/composer/installers.git",
                "reference": "12fb2dfe5e16183de69e784a7b84046c43d97e8e"
            },
            "dist": {
                "type": "zip",
                "url": "https://api.github.com/repos/composer/installers/zipball/12fb2dfe5e16183de69e784a7b84046c43d97e8e",
                "reference": "12fb2dfe5e16183de69e784a7b84046c43d97e8e",
                "shasum": ""
            },
            "require": {
                "composer-plugin-api": "^1.0 || ^2.0",
                "php": "^7.2 || ^8.0"
            },
            "require-dev": {
                "composer/composer": "^1.10.27 || ^2.7",
                "composer/semver": "^1.7.2 || ^3.4.0",
                "phpstan/phpstan": "^1.11",
                "phpstan/phpstan-phpunit": "^1",
                "symfony/phpunit-bridge": "^7.1.1",
                "symfony/process": "^5 || ^6 || ^7"
            },
            "type": "composer-plugin",
            "extra": {
                "class": "Composer\\Installers\\Plugin",
                "branch-alias": {
                    "dev-main": "2.x-dev"
                },
                "plugin-modifies-install-path": true
            },
            "autoload": {
                "psr-4": {
                    "Composer\\Installers\\": "src/Composer/Installers"
                }
            },
            "notification-url": "https://packagist.org/downloads/",
            "license": [
                "MIT"
            ],
            "authors": [
                {
                    "name": "Kyle Robinson Young",
                    "email": "kyle@dontkry.com",
                    "homepage": "https://github.com/shama"
                }
            ],
            "description": "A multi-framework Composer library installer",
            "homepage": "https://composer.github.io/installers/",
            "keywords": [
                "Dolibarr",
                "Eliasis",
                "Hurad",
                "ImageCMS",
                "Kanboard",
                "Lan Management System",
                "MODX Evo",
                "MantisBT",
                "Mautic",
                "Maya",
                "OXID",
                "Plentymarkets",
                "Porto",
                "RadPHP",
                "SMF",
                "Starbug",
                "Thelia",
                "Whmcs",
                "WolfCMS",
                "agl",
                "annotatecms",
                "attogram",
                "bitrix",
                "cakephp",
                "chef",
                "cockpit",
                "codeigniter",
                "concrete5",
                "concreteCMS",
                "croogo",
                "dokuwiki",
                "drupal",
                "eZ Platform",
                "elgg",
                "expressionengine",
                "fuelphp",
                "grav",
                "installer",
                "itop",
                "known",
                "kohana",
                "laravel",
                "lavalite",
                "lithium",
                "magento",
                "majima",
                "mako",
                "matomo",
                "mediawiki",
                "miaoxing",
                "modulework",
                "modx",
                "moodle",
                "osclass",
                "pantheon",
                "phpbb",
                "piwik",
                "ppi",
                "processwire",
                "puppet",
                "pxcms",
                "reindex",
                "roundcube",
                "shopware",
                "silverstripe",
                "sydes",
                "sylius",
                "tastyigniter",
                "wordpress",
                "yawik",
                "zend",
                "zikula"
            ],
            "support": {
                "issues": "https://github.com/composer/installers/issues",
                "source": "https://github.com/composer/installers/tree/v2.3.0"
            },
            "funding": [
                {
                    "url": "https://packagist.com",
                    "type": "custom"
                },
                {
                    "url": "https://github.com/composer",
                    "type": "github"
                },
                {
                    "url": "https://tidelift.com/funding/github/packagist/composer/composer",
                    "type": "tidelift"
                }
            ],
            "time": "2024-06-24T20:46:46+00:00"
        },
        {
            "name": "webkernel/codebase",
            "version": "0.12.0",
            "dist": {
                "type": "path",
                "url": "x-webkernel/codebase",
                "reference": "1b64da908f873f124043c81c9034d30551215311"
            },
            "require": {
                "php": ">=8.4",
                "webkernel/lifecycle": "^0.12.0"
            },
            "type": "library",
            "extra": {
                "webkernel": {
                    "package_repo": "git@github.com:webkernelphp/codebase.git",
                    "production": true,
                    "prefix": "codebase"
                }
            },
            "autoload": {
                "files": [
                    "load.codebase.package-function.php"
                ],
                "classmap": [
                    "src/WebApp.php",
                    "src/PlatformProvider.php"
                ],
                "psr-4": {
                    "Webkernel\\WebAppApi\\": "src/WebAppApi/src/",
                    "Webkernel\\Paths\\": "src/Paths/src/",
                    "Webkernel\\Instance\\": "src/Instance/src/",
                    "Webkernel\\Route\\": "src/Route/src/",
                    "Webkernel\\View\\": "src/View/src/",
                    "Webkernel\\DevEnv\\": "src/DevEnv/src/"
                }
            },
            "license": [
                "proprietary"
            ],
            "description": "Webkernel runtime: paths, instance, route, view. Zero runtime package dependencies.",
            "transport-options": {
                "symlink": true,
                "relative": true
            }
        },
        {
            "name": "webkernel/lifecycle",
            "version": "0.12.0",
            "dist": {
                "type": "path",
                "url": "x-webkernel/lifecycle",
                "reference": "13383870cb0c88830d6532c0124b5c6197257d66"
            },
            "require": {
                "composer-plugin-api": "^2.0",
                "composer/installers": "^2.0",
                "php": ">=8.4",
                "webkernel/codebase": "^0.12.0"
            },
            "require-dev": {
                "composer/composer": "^2.0"
            },
            "type": "composer-plugin",
            "extra": {
                "class": "Webkernel\\Lifecycle\\LCInstaller",
                "plugin-modifies-install-path": true,
                "webkernel": {
                    "package_repo": "git@github.com:webkernelphp/lifecycle.git",
                    "production": true,
                    "prefix": "lifecycle"
                }
            },
            "autoload": {
                "psr-4": {
                    "Webkernel\\Lifecycle\\": "src/"
                },
                "files": [
                    "load.lifecycle.package-function.php"
                ]
            },
            "license": [
                "proprietary"
            ],
            "authors": [
                {
                    "name": "El Moumen Yassine",
                    "email": "yassine@numerimondes.com",
                    "homepage": "https://webkernelphp.com/about"
                }
            ],
            "description": "Composer plugin: Webkernel install paths and boot file (webapp_root, vendor_dir, instance_id, classmap).",
            "homepage": "https://www.webkernelphp.com",
            "transport-options": {
                "symlink": true,
                "relative": true
            }
        }
    ],
    "packages-dev": [],
    "aliases": [],
    "minimum-stability": "stable",
    "stability-flags": {},
    "prefer-stable": true,
    "prefer-lowest": false,
    "platform": {
        "php": ">8.4"
    },
    "platform-dev": {},
    "plugin-api-version": "2.9.0"
}
